// !$*UTF8*$!
{
	archiveVersion = 1;
	classes = {
	};
	objectVersion = 56;
	objects = {

/* Begin PBXBuildFile section */
		BE43B42C2B68E48900F45A35 /* menuappApp.swift in Sources */ = {isa = PBXBuildFile; fileRef = BE43B42B2B68E48900F45A35 /* menuappApp.swift */; };
		BE43B42E2B68E48900F45A35 /* ContentView.swift in Sources */ = {isa = PBXBuildFile; fileRef = BE43B42D2B68E48900F45A35 /* ContentView.swift */; };
		BE43B4302B68E48A00F45A35 /* Assets.xcassets in Resources */ = {isa = PBXBuildFile; fileRef = BE43B42F2B68E48A00F45A35 /* Assets.xcassets */; };
		BE43B4332B68E48A00F45A35 /* Preview Assets.xcassets in Resources */ = {isa = PBXBuildFile; fileRef = BE43B4322B68E48A00F45A35 /* Preview Assets.xcassets */; };
		BE43B4352B68E48A00F45A35 /* Persistence.swift in Sources */ = {isa = PBXBuildFile; fileRef = BE43B4342B68E48A00F45A35 /* Persistence.swift */; };
		BE43B4382B68E48A00F45A35 /* menuapp.xcdatamodeld in Sources */ = {isa = PBXBuildFile; fileRef = BE43B4362B68E48A00F45A35 /* menuapp.xcdatamodeld */; };
		BE43B4422B68E48B00F45A35 /* menuappTests.swift in Sources */ = {isa = PBXBuildFile; fileRef = BE43B4412B68E48B00F45A35 /* menuappTests.swift */; };
		BE43B44C2B68E48B00F45A35 /* menuappUITests.swift in Sources */ = {isa = PBXBuildFile; fileRef = BE43B44B2B68E48B00F45A35 /* menuappUITests.swift */; };
		BE43B44E2B68E48B00F45A35 /* menuappUITestsLaunchTests.swift in Sources */ = {isa = PBXBuildFile; fileRef = BE43B44D2B68E48B00F45A35 /* menuappUITestsLaunchTests.swift */; };
/* End PBXBuildFile section */

/* Begin PBXContainerItemProxy section */
		BE43B43E2B68E48B00F45A35 /* PBXContainerItemProxy */ = {
			isa = PBXContainerItemProxy;
			containerPortal = BE43B4202B68E48900F45A35 /* Project object */;
			proxyType = 1;
			remoteGlobalIDString = BE43B4272B68E48900F45A35;
			remoteInfo = menuapp;
		};
		BE43B4482B68E48B00F45A35 /* PBXContainerItemProxy */ = {
			isa = PBXContainerItemProxy;
			containerPortal = BE43B4202B68E48900F45A35 /* Project object */;
			proxyType = 1;
			remoteGlobalIDString = BE43B4272B68E48900F45A35;
			remoteInfo = menuapp;
		};
/* End PBXContainerItemProxy section */

/* Begin PBXFileReference section */
		BE43B4282B68E48900F45A35 /* menuapp.app */ = {isa = PBXFileReference; explicitFileType = wrapper.application; includeInIndex = 0; path = menuapp.app; sourceTree = BUILT_PRODUCTS_DIR; };
		BE43B42B2B68E48900F45A35 /* menuappApp.swift */ = {isa = PBXFileReference; lastKnownFileType = sourcecode.swift; path = menuappApp.swift; sourceTree = "<group>"; };
		BE43B42D2B68E48900F45A35 /* ContentView.swift */ = {isa = PBXFileReference; lastKnownFileType = sourcecode.swift; path = ContentView.swift; sourceTree = "<group>"; };
		BE43B42F2B68E48A00F45A35 /* Assets.xcassets */ = {isa = PBXFileReference; lastKnownFileType = folder.assetcatalog; path = Assets.xcassets; sourceTree = "<group>"; };
		BE43B4322B68E48A00F45A35 /* Preview Assets.xcassets */ = {isa = PBXFileReference; lastKnownFileType = folder.assetcatalog; path = "Preview Assets.xcassets"; sourceTree = "<group>"; };
		BE43B4342B68E48A00F45A35 /* Persistence.swift */ = {isa = PBXFileReference; lastKnownFileType = sourcecode.swift; path = Persistence.swift; sourceTree = "<group>"; };
		BE43B4372B68E48A00F45A35 /* menuapp.xcdatamodel */ = {isa = PBXFileReference; lastKnownFileType = wrapper.xcdatamodel; path = menuapp.xcdatamodel; sourceTree = "<group>"; };
		BE43B43D2B68E48A00F45A35 /* menuappTests.xctest */ = {isa = PBXFileReference; explicitFileType = wrapper.cfbundle; includeInIndex = 0; path = menuappTests.xctest; sourceTree = BUILT_PRODUCTS_DIR; };
		BE43B4412B68E48B00F45A35 /* menuappTests.swift */ = {isa = PBXFileReference; lastKnownFileType = sourcecode.swift; path = menuappTests.swift; sourceTree = "<group>"; };
		BE43B4472B68E48B00F45A35 /* menuappUITests.xctest */ = {isa = PBXFileReference; explicitFileType = wrapper.cfbundle; includeInIndex = 0; path = menuappUITests.xctest; sourceTree = BUILT_PRODUCTS_DIR; };
		BE43B44B2B68E48B00F45A35 /* menuappUITests.swift */ = {isa = PBXFileReference; lastKnownFileType = sourcecode.swift; path = menuappUITests.swift; sourceTree = "<group>"; };
		BE43B44D2B68E48B00F45A35 /* menuappUITestsLaunchTests.swift */ = {isa = PBXFileReference; lastKnownFileType = sourcecode.swift; path = menuappUITestsLaunchTests.swift; sourceTree = "<group>"; };
/* End PBXFileReference section */

/* Begin PBXFrameworksBuildPhase section */
		BE43B4252B68E48900F45A35 /* Frameworks */ = {
			isa = PBXFrameworksBuildPhase;
			buildActionMask = 2147483647;
			files = (
			);
			runOnlyForDeploymentPostprocessing = 0;
		};
		BE43B43A2B68E48A00F45A35 /* Frameworks */ = {
			isa = PBXFrameworksBuildPhase;
			buildActionMask = 2147483647;
			files = (
			);
			runOnlyForDeploymentPostprocessing = 0;
		};
		BE43B4442B68E48B00F45A35 /* Frameworks */ = {
			isa = PBXFrameworksBuildPhase;
			buildActionMask = 2147483647;
			files = (
			);
			runOnlyForDeploymentPostprocessing = 0;
		};
/* End PBXFrameworksBuildPhase section */

/* Begin PBXGroup section */
		BE43B41F2B68E48900F45A35 = {
			isa = PBXGroup;
			children = (
				BE43B42A2B68E48900F45A35 /* menuapp */,
				BE43B4402B68E48B00F45A35 /* menuappTests */,
				BE43B44A2B68E48B00F45A35 /* menuappUITests */,
				BE43B4292B68E48900F45A35 /* Products */,
			);
			sourceTree = "<group>";
		};
		BE43B4292B68E48900F45A35 /* Products */ = {
			isa = PBXGroup;
			children = (
				BE43B4282B68E48900F45A35 /* menuapp.app */,
				BE43B43D2B68E48A00F45A35 /* menuappTests.xctest */,
				BE43B4472B68E48B00F45A35 /* menuappUITests.xctest */,
			);
			name = Products;
			sourceTree = "<group>";
		};
		BE43B42A2B68E48900F45A35 /* menuapp */ = {
			isa = PBXGroup;
			children = (
				BE43B42B2B68E48900F45A35 /* menuappApp.swift */,
				BE43B42D2B68E48900F45A35 /* ContentView.swift */,
				BE43B42F2B68E48A00F45A35 /* Assets.xcassets */,
				BE43B4342B68E48A00F45A35 /* Persistence.swift */,
				BE43B4362B68E48A00F45A35 /* menuapp.xcdatamodeld */,
				BE43B4312B68E48A00F45A35 /* Preview Content */,
			);
			path = menuapp;
			sourceTree = "<group>";
		};
		BE43B4312B68E48A00F45A35 /* Preview Content */ = {
			isa = PBXGroup;
			children = (
				BE43B4322B68E48A00F45A35 /* Preview Assets.xcassets */,
			);
			path = "Preview Content";
			sourceTree = "<group>";
		};
		BE43B4402B68E48B00F45A35 /* menuappTests */ = {
			isa = PBXGroup;
			children = (
				BE43B4412B68E48B00F45A35 /* menuappTests.swift */,
			);
			path = menuappTests;
			sourceTree = "<group>";
		};
		BE43B44A2B68E48B00F45A35 /* menuappUITests */ = {
			isa = PBXGroup;
			children = (
				BE43B44B2B68E48B00F45A35 /* menuappUITests.swift */,
				BE43B44D2B68E48B00F45A35 /* menuappUITestsLaunchTests.swift */,
			);
			path = menuappUITests;
			sourceTree = "<group>";
		};
/* End PBXGroup section */

/* Begin PBXNativeTarget section */
		BE43B4272B68E48900F45A35 /* menuapp */ = {
			isa = PBXNativeTarget;
			buildConfigurationList = BE43B4512B68E48B00F45A35 /* Build configuration list for PBXNativeTarget "menuapp" */;
			buildPhases = (
				BE43B4242B68E48900F45A35 /* Sources */,
				BE43B4252B68E48900F45A35 /* Frameworks */,
				BE43B4262B68E48900F45A35 /* Resources */,
			);
			buildRules = (
			);
			dependencies = (
			);
			name = menuapp;
			productName = menuapp;
			productReference = BE43B4282B68E48900F45A35 /* menuapp.app */;
			productType = "com.apple.product-type.application";
		};
		BE43B43C2B68E48A00F45A35 /* menuappTests */ = {
			isa = PBXNativeTarget;
			buildConfigurationList = BE43B4542B68E48B00F45A35 /* Build configuration list for PBXNativeTarget "menuappTests" */;
			buildPhases = (
				BE43B4392B68E48A00F45A35 /* Sources */,
				BE43B43A2B68E48A00F45A35 /* Frameworks */,
				BE43B43B2B68E48A00F45A35 /* Resources */,
			);
			buildRules = (
			);
			dependencies = (
				BE43B43F2B68E48B00F45A35 /* PBXTargetDependency */,
			);
			name = menuappTests;
			productName = menuappTests;
			productReference = BE43B43D2B68E48A00F45A35 /* menuappTests.xctest */;
			productType = "com.apple.product-type.bundle.unit-test";
		};
		BE43B4462B68E48B00F45A35 /* menuappUITests */ = {
			isa = PBXNativeTarget;
			buildConfigurationList = BE43B4572B68E48B00F45A35 /* Build configuration list for PBXNativeTarget "menuappUITests" */;
			buildPhases = (
				BE43B4432B68E48B00F45A35 /* Sources */,
				BE43B4442B68E48B00F45A35 /* Frameworks */,
				BE43B4452B68E48B00F45A35 /* Resources */,
			);
			buildRules = (
			);
			dependencies = (
				BE43B4492B68E48B00F45A35 /* PBXTargetDependency */,
			);
			name = menuappUITests;
			productName = menuappUITests;
			productReference = BE43B4472B68E48B00F45A35 /* menuappUITests.xctest */;
			productType = "com.apple.product-type.bundle.ui-testing";
		};
/* End PBXNativeTarget section */

/* Begin PBXProject section */
		BE43B4202B68E48900F45A35 /* Project object */ = {
			isa = PBXProject;
			attributes = {
				BuildIndependentTargetsInParallel = 1;
				LastSwiftUpdateCheck = 1500;
				LastUpgradeCheck = 1500;
				TargetAttributes = {
					BE43B4272B68E48900F45A35 = {
						CreatedOnToolsVersion = 15.0.1;
					};
					BE43B43C2B68E48A00F45A35 = {
						CreatedOnToolsVersion = 15.0.1;
						TestTargetID = BE43B4272B68E48900F45A35;
					};
					BE43B4462B68E48B00F45A35 = {
						CreatedOnToolsVersion = 15.0.1;
						TestTargetID = BE43B4272B68E48900F45A35;
					};
				};
			};
			buildConfigurationList = BE43B4232B68E48900F45A35 /* Build configuration list for PBXProject "menuapp" */;
			compatibilityVersion = "Xcode 14.0";
			developmentRegion = en;
			hasScannedForEncodings = 0;
			knownRegions = (
				en,
				Base,
			);
			mainGroup = BE43B41F2B68E48900F45A35;
			productRefGroup = BE43B4292B68E48900F45A35 /* Products */;
			projectDirPath = "";
			projectRoot = "";
			targets = (
				BE43B4272B68E48900F45A35 /* menuapp */,
				BE43B43C2B68E48A00F45A35 /* menuappTests */,
				BE43B4462B68E48B00F45A35 /* menuappUITests */,
			);
		};
/* End PBXProject section */

/* Begin PBXResourcesBuildPhase section */
		BE43B4262B68E48900F45A35 /* Resources */ = {
			isa = PBXResourcesBuildPhase;
			buildActionMask = 2147483647;
			files = (
				BE43B4332B68E48A00F45A35 /* Preview Assets.xcassets in Resources */,
				BE43B4302B68E48A00F45A35 /* Assets.xcassets in Resources */,
			);
			runOnlyForDeploymentPostprocessing = 0;
		};
		BE43B43B2B68E48A00F45A35 /* Resources */ = {
			isa = PBXResourcesBuildPhase;
			buildActionMask = 2147483647;
			files = (
			);
			runOnlyForDeploymentPostprocessing = 0;
		};
		BE43B4452B68E48B00F45A35 /* Resources */ = {
			isa = PBXResourcesBuildPhase;
			buildActionMask = 2147483647;
			files = (
			);
			runOnlyForDeploymentPostprocessing = 0;
		};
/* End PBXResourcesBuildPhase section */

/* Begin PBXSourcesBuildPhase section */
		BE43B4242B68E48900F45A35 /* Sources */ = {
			isa = PBXSourcesBuildPhase;
			buildActionMask = 2147483647;
			files = (
				BE43B4352B68E48A00F45A35 /* Persistence.swift in Sources */,
				BE43B42E2B68E48900F45A35 /* ContentView.swift in Sources */,
				BE43B4382B68E48A00F45A35 /* menuapp.xcdatamodeld in Sources */,
				BE43B42C2B68E48900F45A35 /* menuappApp.swift in Sources */,
			);
			runOnlyForDeploymentPostprocessing = 0;
		};
		BE43B4392B68E48A00F45A35 /* Sources */ = {
			isa = PBXSourcesBuildPhase;
			buildActionMask = 2147483647;
			files = (
				BE43B4422B68E48B00F45A35 /* menuappTests.swift in Sources */,
			);
			runOnlyForDeploymentPostprocessing = 0;
		};
		BE43B4432B68E48B00F45A35 /* Sources */ = {
			isa = PBXSourcesBuildPhase;
			buildActionMask = 2147483647;
			files = (
				BE43B44C2B68E48B00F45A35 /* menuappUITests.swift in Sources */,
				BE43B44E2B68E48B00F45A35 /* menuappUITestsLaunchTests.swift in Sources */,
			);
			runOnlyForDeploymentPostprocessing = 0;
		};
/* End PBXSourcesBuildPhase section */

/* Begin PBXTargetDependency section */
		BE43B43F2B68E48B00F45A35 /* PBXTargetDependency */ = {
			isa = PBXTargetDependency;
			target = BE43B4272B68E48900F45A35 /* menuapp */;
			targetProxy = BE43B43E2B68E48B00F45A35 /* PBXContainerItemProxy */;
		};
		BE43B4492B68E48B00F45A35 /* PBXTargetDependency */ = {
			isa = PBXTargetDependency;
			target = BE43B4272B68E48900F45A35 /* menuapp */;
			targetProxy = BE43B4482B68E48B00F45A35 /* PBXContainerItemProxy */;
		};
/* End PBXTargetDependency section */

/* Begin XCBuildConfiguration section */
		BE43B44F2B68E48B00F45A35 /* Debug */ = {
			isa = XCBuildConfiguration;
			buildSettings = {
				ALWAYS_SEARCH_USER_PATHS = NO;
				ASSETCATALOG_COMPILER_GENERATE_SWIFT_ASSET_SYMBOL_EXTENSIONS = YES;
				CLANG_ANALYZER_NONNULL = YES;
				CLANG_ANALYZER_NUMBER_OBJECT_CONVERSION = YES_AGGRESSIVE;
				CLANG_CXX_LANGUAGE_STANDARD = "gnu++20";
				CLANG_ENABLE_MODULES = YES;
				CLANG_ENABLE_OBJC_ARC = YES;
				CLANG_ENABLE_OBJC_WEAK = YES;
				CLANG_WARN_BLOCK_CAPTURE_AUTORELEASING = YES;
				CLANG_WARN_BOOL_CONVERSION = YES;
				CLANG_WARN_COMMA = YES;
				CLANG_WARN_CONSTANT_CONVERSION = YES;
				CLANG_WARN_DEPRECATED_OBJC_IMPLEMENTATIONS = YES;
				CLANG_WARN_DIRECT_OBJC_ISA_USAGE = YES_ERROR;
				CLANG_WARN_DOCUMENTATION_COMMENTS = YES;
				CLANG_WARN_EMPTY_BODY = YES;
				CLANG_WARN_ENUM_CONVERSION = YES;
				CLANG_WARN_INFINITE_RECURSION = YES;
				CLANG_WARN_INT_CONVERSION = YES;
				CLANG_WARN_NON_LITERAL_NULL_CONVERSION = YES;
				CLANG_WARN_OBJC_IMPLICIT_RETAIN_SELF = YES;
				CLANG_WARN_OBJC_LITERAL_CONVERSION = YES;
				CLANG_WARN_OBJC_ROOT_CLASS = YES_ERROR;
				CLANG_WARN_QUOTED_INCLUDE_IN_FRAMEWORK_HEADER = YES;
				CLANG_WARN_RANGE_LOOP_ANALYSIS = YES;
				CLANG_WARN_STRICT_PROTOTYPES = YES;
				CLANG_WARN_SUSPICIOUS_MOVE = YES;
				CLANG_WARN_UNGUARDED_AVAILABILITY = YES_AGGRESSIVE;
				CLANG_WARN_UNREACHABLE_CODE = YES;
				CLANG_WARN__DUPLICATE_METHOD_MATCH = YES;
				COPY_PHASE_STRIP = NO;
				DEBUG_INFORMATION_FORMAT = dwarf;
				ENABLE_STRICT_OBJC_MSGSEND = YES;
				ENABLE_TESTABILITY = YES;
				ENABLE_USER_SCRIPT_SANDBOXING = YES;
				GCC_C_LANGUAGE_STANDARD = gnu17;
				GCC_DYNAMIC_NO_PIC = NO;
				GCC_NO_COMMON_BLOCKS = YES;
				GCC_OPTIMIZATION_LEVEL = 0;
				GCC_PREPROCESSOR_DEFINITIONS = (
					"DEBUG=1",
					"$(inherited)",
				);
				GCC_WARN_64_TO_32_BIT_CONVERSION = YES;
				GCC_WARN_ABOUT_RETURN_TYPE = YES_ERROR;
				GCC_WARN_UNDECLARED_SELECTOR = YES;
				GCC_WARN_UNINITIALIZED_AUTOS = YES_AGGRESSIVE;
				GCC_WARN_UNUSED_FUNCTION = YES;
				GCC_WARN_UNUSED_VARIABLE = YES;
				IPHONEOS_DEPLOYMENT_TARGET = 17.0;
				LOCALIZATION_PREFERS_STRING_CATALOGS = YES;
				MTL_ENABLE_DEBUG_INFO = INCLUDE_SOURCE;
				MTL_FAST_MATH = YES;
				ONLY_ACTIVE_ARCH = YES;
				SDKROOT = iphoneos;
				SWIFT_ACTIVE_COMPILATION_CONDITIONS = "DEBUG $(inherited)";
				SWIFT_OPTIMIZATION_LEVEL = "-Onone";
			};
			name = Debug;
		};
		BE43B4502B68E48B00F45A35 /* Release */ = {
			isa = XCBuildConfiguration;
			buildSettings = {
				ALWAYS_SEARCH_USER_PATHS = NO;
				ASSETCATALOG_COMPILER_GENERATE_SWIFT_ASSET_SYMBOL_EXTENSIONS = YES;
				CLANG_ANALYZER_NONNULL = YES;
				CLANG_ANALYZER_NUMBER_OBJECT_CONVERSION = YES_AGGRESSIVE;
				CLANG_CXX_LANGUAGE_STANDARD = "gnu++20";
				CLANG_ENABLE_MODULES = YES;
				CLANG_ENABLE_OBJC_ARC = YES;
				CLANG_ENABLE_OBJC_WEAK = YES;
				CLANG_WARN_BLOCK_CAPTURE_AUTORELEASING = YES;
				CLANG_WARN_BOOL_CONVERSION = YES;
				CLANG_WARN_COMMA = YES;
				CLANG_WARN_CONSTANT_CONVERSION = YES;
				CLANG_WARN_DEPRECATED_OBJC_IMPLEMENTATIONS = YES;
				CLANG_WARN_DIRECT_OBJC_ISA_USAGE = YES_ERROR;
				CLANG_WARN_DOCUMENTATION_COMMENTS = YES;
				CLANG_WARN_EMPTY_BODY = YES;
				CLANG_WARN_ENUM_CONVERSION = YES;
				CLANG_WARN_INFINITE_RECURSION = YES;
				CLANG_WARN_INT_CONVERSION = YES;
				CLANG_WARN_NON_LITERAL_NULL_CONVERSION = YES;
				CLANG_WARN_OBJC_IMPLICIT_RETAIN_SELF = YES;
				CLANG_WARN_OBJC_LITERAL_CONVERSION = YES;
				CLANG_WARN_OBJC_ROOT_CLASS = YES_ERROR;
				CLANG_WARN_QUOTED_INCLUDE_IN_FRAMEWORK_HEADER = YES;
				CLANG_WARN_RANGE_LOOP_ANALYSIS = YES;
				CLANG_WARN_STRICT_PROTOTYPES = YES;
				CLANG_WARN_SUSPICIOUS_MOVE = YES;
				CLANG_WARN_UNGUARDED_AVAILABILITY = YES_AGGRESSIVE;
				CLANG_WARN_UNREACHABLE_CODE = YES;
				CLANG_WARN__DUPLICATE_METHOD_MATCH = YES;
				COPY_PHASE_STRIP = NO;
				DEBUG_INFORMATION_FORMAT = "dwarf-with-dsym";
				ENABLE_NS_ASSERTIONS = NO;
				ENABLE_STRICT_OBJC_MSGSEND = YES;
				ENABLE_USER_SCRIPT_SANDBOXING = YES;
				GCC_C_LANGUAGE_STANDARD = gnu17;
				GCC_NO_COMMON_BLOCKS = YES;
				GCC_WARN_64_TO_32_BIT_CONVERSION = YES;
				GCC_WARN_ABOUT_RETURN_TYPE = YES_ERROR;
				GCC_WARN_UNDECLARED_SELECTOR = YES;
				GCC_WARN_UNINITIALIZED_AUTOS = YES_AGGRESSIVE;
				GCC_WARN_UNUSED_FUNCTION = YES;
				GCC_WARN_UNUSED_VARIABLE = YES;
				IPHONEOS_DEPLOYMENT_TARGET = 17.0;
				LOCALIZATION_PREFERS_STRING_CATALOGS = YES;
				MTL_ENABLE_DEBUG_INFO = NO;
				MTL_FAST_MATH = YES;
				SDKROOT = iphoneos;
				SWIFT_COMPILATION_MODE = wholemodule;
				VALIDATE_PRODUCT = YES;
			};
			name = Release;
		};
		BE43B4522B68E48B00F45A35 /* Debug */ = {
			isa = XCBuildConfiguration;
			buildSettings = {
				ASSETCATALOG_COMPILER_APPICON_NAME = AppIcon;
				ASSETCATALOG_COMPILER_GLOBAL_ACCENT_COLOR_NAME = AccentColor;
				CODE_SIGN_STYLE = Automatic;
				CURRENT_PROJECT_VERSION = 1;
				DEVELOPMENT_ASSET_PATHS = "\"menuapp/Preview Content\"";
				DEVELOPMENT_TEAM = 3583NXG8VV;
				ENABLE_PREVIEWS = YES;
				GENERATE_INFOPLIST_FILE = YES;
				INFOPLIST_KEY_UIApplicationSceneManifest_Generation = YES;
				INFOPLIST_KEY_UIApplicationSupportsIndirectInputEvents = YES;
				INFOPLIST_KEY_UILaunchScreen_Generation = YES;
				INFOPLIST_KEY_UISupportedInterfaceOrientations_iPad = "UIInterfaceOrientationPortrait UIInterfaceOrientationPortraitUpsideDown UIInterfaceOrientationLandscapeLeft UIInterfaceOrientationLandscapeRight";
				INFOPLIST_KEY_UISupportedInterfaceOrientations_iPhone = "UIInterfaceOrientationPortrait UIInterfaceOrientationLandscapeLeft UIInterfaceOrientationLandscapeRight";
				LD_RUNPATH_SEARCH_PATHS = (
					"$(inherited)",
					"@executable_path/Frameworks",
				);
				MARKETING_VERSION = 1.0;
				PRODUCT_BUNDLE_IDENTIFIER = com.gutingjun.menuapp;
				PRODUCT_NAME = "$(TARGET_NAME)";
				SWIFT_EMIT_LOC_STRINGS = YES;
				SWIFT_VERSION = 5.0;
				TARGETED_DEVICE_FAMILY = "1,2";
			};
			name = Debug;
		};
		BE43B4532B68E48B00F45A35 /* Release */ = {
			isa = XCBuildConfiguration;
			buildSettings = {
				ASSETCATALOG_COMPILER_APPICON_NAME = AppIcon;
				ASSETCATALOG_COMPILER_GLOBAL_ACCENT_COLOR_NAME = AccentColor;
				CODE_SIGN_STYLE = Automatic;
				CURRENT_PROJECT_VERSION = 1;
				DEVELOPMENT_ASSET_PATHS = "\"menuapp/Preview Content\"";
				DEVELOPMENT_TEAM = 3583NXG8VV;
				ENABLE_PREVIEWS = YES;
				GENERATE_INFOPLIST_FILE = YES;
				INFOPLIST_KEY_UIApplicationSceneManifest_Generation = YES;
				INFOPLIST_KEY_UIApplicationSupportsIndirectInputEvents = YES;
				INFOPLIST_KEY_UILaunchScreen_Generation = YES;
				INFOPLIST_KEY_UISupportedInterfaceOrientations_iPad = "UIInterfaceOrientationPortrait UIInterfaceOrientationPortraitUpsideDown UIInterfaceOrientationLandscapeLeft UIInterfaceOrientationLandscapeRight";
				INFOPLIST_KEY_UISupportedInterfaceOrientations_iPhone = "UIInterfaceOrientationPortrait UIInterfaceOrientationLandscapeLeft UIInterfaceOrientationLandscapeRight";
				LD_RUNPATH_SEARCH_PATHS = (
					"$(inherited)",
					"@executable_path/Frameworks",
				);
				MARKETING_VERSION = 1.0;
				PRODUCT_BUNDLE_IDENTIFIER = com.gutingjun.menuapp;
				PRODUCT_NAME = "$(TARGET_NAME)";
				SWIFT_EMIT_LOC_STRINGS = YES;
				SWIFT_VERSION = 5.0;
				TARGETED_DEVICE_FAMILY = "1,2";
			};
			name = Release;
		};
		BE43B4552B68E48B00F45A35 /* Debug */ = {
			isa = XCBuildConfiguration;
			buildSettings = {
				ALWAYS_EMBED_SWIFT_STANDARD_LIBRARIES = YES;
				BUNDLE_LOADER = "$(TEST_HOST)";
				CODE_SIGN_STYLE = Automatic;
				CURRENT_PROJECT_VERSION = 1;
				DEVELOPMENT_TEAM = 3583NXG8VV;
				GENERATE_INFOPLIST_FILE = YES;
				IPHONEOS_DEPLOYMENT_TARGET = 17.0;
				MARKETING_VERSION = 1.0;
				PRODUCT_BUNDLE_IDENTIFIER = com.gutingjun.menuappTests;
				PRODUCT_NAME = "$(TARGET_NAME)";
				SWIFT_EMIT_LOC_STRINGS = NO;
				SWIFT_VERSION = 5.0;
				TARGETED_DEVICE_FAMILY = "1,2";
				TEST_HOST = "$(BUILT_PRODUCTS_DIR)/menuapp.app/$(BUNDLE_EXECUTABLE_FOLDER_PATH)/menuapp";
			};
			name = Debug;
		};
		BE43B4562B68E48B00F45A35 /* Release */ = {
			isa = XCBuildConfiguration;
			buildSettings = {
				ALWAYS_EMBED_SWIFT_STANDARD_LIBRARIES = YES;
				BUNDLE_LOADER = "$(TEST_HOST)";
				CODE_SIGN_STYLE = Automatic;
				CURRENT_PROJECT_VERSION = 1;
				DEVELOPMENT_TEAM = 3583NXG8VV;
				GENERATE_INFOPLIST_FILE = YES;
				IPHONEOS_DEPLOYMENT_TARGET = 17.0;
				MARKETING_VERSION = 1.0;
				PRODUCT_BUNDLE_IDENTIFIER = com.gutingjun.menuappTests;
				PRODUCT_NAME = "$(TARGET_NAME)";
				SWIFT_EMIT_LOC_STRINGS = NO;
				SWIFT_VERSION = 5.0;
				TARGETED_DEVICE_FAMILY = "1,2";
				TEST_HOST = "$(BUILT_PRODUCTS_DIR)/menuapp.app/$(BUNDLE_EXECUTABLE_FOLDER_PATH)/menuapp";
			};
			name = Release;
		};
		BE43B4582B68E48B00F45A35 /* Debug */ = {
			isa = XCBuildConfiguration;
			buildSettings = {
				ALWAYS_EMBED_SWIFT_STANDARD_LIBRARIES = YES;
				CODE_SIGN_STYLE = Automatic;
				CURRENT_PROJECT_VERSION = 1;
				DEVELOPMENT_TEAM = 3583NXG8VV;
				GENERATE_INFOPLIST_FILE = YES;
				MARKETING_VERSION = 1.0;
				PRODUCT_BUNDLE_IDENTIFIER = com.gutingjun.menuappUITests;
				PRODUCT_NAME = "$(TARGET_NAME)";
				SWIFT_EMIT_LOC_STRINGS = NO;
				SWIFT_VERSION = 5.0;
				TARGETED_DEVICE_FAMILY = "1,2";
				TEST_TARGET_NAME = menuapp;
			};
			name = Debug;
		};
		BE43B4592B68E48B00F45A35 /* Release */ = {
			isa = XCBuildConfiguration;
			buildSettings = {
				ALWAYS_EMBED_SWIFT_STANDARD_LIBRARIES = YES;
				CODE_SIGN_STYLE = Automatic;
				CURRENT_PROJECT_VERSION = 1;
				DEVELOPMENT_TEAM = 3583NXG8VV;
				GENERATE_INFOPLIST_FILE = YES;
				MARKETING_VERSION = 1.0;
				PRODUCT_BUNDLE_IDENTIFIER = com.gutingjun.menuappUITests;
				PRODUCT_NAME = "$(TARGET_NAME)";
				SWIFT_EMIT_LOC_STRINGS = NO;
				SWIFT_VERSION = 5.0;
				TARGETED_DEVICE_FAMILY = "1,2";
				TEST_TARGET_NAME = menuapp;
			};
			name = Release;
		};
/* End XCBuildConfiguration section */

/* Begin XCConfigurationList section */
		BE43B4232B68E48900F45A35 /* Build configuration list for PBXProject "menuapp" */ = {
			isa = XCConfigurationList;
			buildConfigurations = (
				BE43B44F2B68E48B00F45A35 /* Debug */,
				BE43B4502B68E48B00F45A35 /* Release */,
			);
			defaultConfigurationIsVisible = 0;
			defaultConfigurationName = Release;
		};
		BE43B4512B68E48B00F45A35 /* Build configuration list for PBXNativeTarget "menuapp" */ = {
			isa = XCConfigurationList;
			buildConfigurations = (
				BE43B4522B68E48B00F45A35 /* Debug */,
				BE43B4532B68E48B00F45A35 /* Release */,
			);
			defaultConfigurationIsVisible = 0;
			defaultConfigurationName = Release;
		};
		BE43B4542B68E48B00F45A35 /* Build configuration list for PBXNativeTarget "menuappTests" */ = {
			isa = XCConfigurationList;
			buildConfigurations = (
				BE43B4552B68E48B00F45A35 /* Debug */,
				BE43B4562B68E48B00F45A35 /* Release */,
			);
			defaultConfigurationIsVisible = 0;
			defaultConfigurationName = Release;
		};
		BE43B4572B68E48B00F45A35 /* Build configuration list for PBXNativeTarget "menuappUITests" */ = {
			isa = XCConfigurationList;
			buildConfigurations = (
				BE43B4582B68E48B00F45A35 /* Debug */,
				BE43B4592B68E48B00F45A35 /* Release */,
			);
			defaultConfigurationIsVisible = 0;
			defaultConfigurationName = Release;
		};
/* End XCConfigurationList section */

/* Begin XCVersionGroup section */
		BE43B4362B68E48A00F45A35 /* menuapp.xcdatamodeld */ = {
			isa = XCVersionGroup;
			children = (
				BE43B4372B68E48A00F45A35 /* menuapp.xcdatamodel */,
			);
			currentVersion = BE43B4372B68E48A00F45A35 /* menuapp.xcdatamodel */;
			path = menuapp.xcdatamodeld;
			sourceTree = "<group>";
			versionGroupType = wrapper.xcdatamodel;
		};
/* End XCVersionGroup section */
	};
	rootObject = BE43B4202B68E48900F45A35 /* Project object */;
}
